// !$*UTF8*$!
{
	archiveVersion = 1;
	classes = {
	};
	objectVersion = 46;
	objects = {

/* Begin PBXBuildFile section */
		ADE628601B24F7FF0061F1DF /* AppDelegate.swift in Sources */ = {isa = PBXBuildFile; fileRef = ADE6285F1B24F7FF0061F1DF /* AppDelegate.swift */; };
		ADE628621B24F7FF0061F1DF /* ViewController.swift in Sources */ = {isa = PBXBuildFile; fileRef = ADE628611B24F7FF0061F1DF /* ViewController.swift */; };
		ADE628651B24F7FF0061F1DF /* Main.storyboard in Resources */ = {isa = PBXBuildFile; fileRef = ADE628631B24F7FF0061F1DF /* Main.storyboard */; };
		ADE628671B24F7FF0061F1DF /* Images.xcassets in Resources */ = {isa = PBXBuildFile; fileRef = ADE628661B24F7FF0061F1DF /* Images.xcassets */; };
		ADE6286A1B24F7FF0061F1DF /* LaunchScreen.xib in Resources */ = {isa = PBXBuildFile; fileRef = ADE628681B24F7FF0061F1DF /* LaunchScreen.xib */; };
		ADE628761B24F7FF0061F1DF /* Where_Am_ITests.swift in Sources */ = {isa = PBXBuildFile; fileRef = ADE628751B24F7FF0061F1DF /* Where_Am_ITests.swift */; };
		ADE628801B24F81A0061F1DF /* CoreLocation.framework in Frameworks */ = {isa = PBXBuildFile; fileRef = ADE6287F1B24F81A0061F1DF /* CoreLocation.framework */; };
/* End PBXBuildFile section */

/* Begin PBXContainerItemProxy section */
		ADE628701B24F7FF0061F1DF /* PBXContainerItemProxy */ = {
			isa = PBXContainerItemProxy;
			containerPortal = ADE628521B24F7FF0061F1DF /* Project object */;
			proxyType = 1;
			remoteGlobalIDString = ADE628591B24F7FF0061F1DF;
			remoteInfo = "Where Am I";
		};
/* End PBXContainerItemProxy section */

/* Begin PBXFileReference section */
		ADE6285A1B24F7FF0061F1DF /* Where Am I.app */ = {isa = PBXFileReference; explicitFileType = wrapper.application; includeInIndex = 0; path = "Where Am I.app"; sourceTree = BUILT_PRODUCTS_DIR; };
		ADE6285E1B24F7FF0061F1DF /* Info.plist */ = {isa = PBXFileReference; lastKnownFileType = text.plist.xml; path = Info.plist; sourceTree = "<group>"; };
		ADE6285F1B24F7FF0061F1DF /* AppDelegate.swift */ = {isa = PBXFileReference; lastKnownFileType = sourcecode.swift; path = AppDelegate.swift; sourceTree = "<group>"; };
		ADE628611B24F7FF0061F1DF /* ViewController.swift */ = {isa = PBXFileReference; lastKnownFileType = sourcecode.swift; path = ViewController.swift; sourceTree = "<group>"; };
		ADE628641B24F7FF0061F1DF /* Base */ = {isa = PBXFileReference; lastKnownFileType = file.storyboard; name = Base; path = Base.lproj/Main.storyboard; sourceTree = "<group>"; };
		ADE628661B24F7FF0061F1DF /* Images.xcassets */ = {isa = PBXFileReference; lastKnownFileType = folder.assetcatalog; path = Images.xcassets; sourceTree = "<group>"; };
		ADE628691B24F7FF0061F1DF /* Base */ = {isa = PBXFileReference; lastKnownFileType = file.xib; name = Base; path = Base.lproj/LaunchScreen.xib; sourceTree = "<group>"; };
		ADE6286F1B24F7FF0061F1DF /* Where Am ITests.xctest */ = {isa = PBXFileReference; explicitFileType = wrapper.cfbundle; includeInIndex = 0; path = "Where Am ITests.xctest"; sourceTree = BUILT_PRODUCTS_DIR; };
		ADE628741B24F7FF0061F1DF /* Info.plist */ = {isa = PBXFileReference; lastKnownFileType = text.plist.xml; path = Info.plist; sourceTree = "<group>"; };
		ADE628751B24F7FF0061F1DF /* Where_Am_ITests.swift */ = {isa = PBXFileReference; lastKnownFileType = sourcecode.swift; path = Where_Am_ITests.swift; sourceTree = "<group>"; };
		ADE6287F1B24F81A0061F1DF /* CoreLocation.framework */ = {isa = PBXFileReference; lastKnownFileType = wrapper.framework; name = CoreLocation.framework; path = System/Library/Frameworks/CoreLocation.framework; sourceTree = SDKROOT; };
/* End PBXFileReference section */

/* Begin PBXFrameworksBuildPhase section */
		ADE628571B24F7FF0061F1DF /* Frameworks */ = {
			isa = PBXFrameworksBuildPhase;
			buildActionMask = 2147483647;
			files = (
				ADE628801B24F81A0061F1DF /* CoreLocation.framework in Frameworks */,
			);
			runOnlyForDeploymentPostprocessing = 0;
		};
		ADE6286C1B24F7FF0061F1DF /* Frameworks */ = {
			isa = PBXFrameworksBuildPhase;
			buildActionMask = 2147483647;
			files = (
			);
			runOnlyForDeploymentPostprocessing = 0;
		};
/* End PBXFrameworksBuildPhase section */

/* Begin PBXGroup section */
		ADE628511B24F7FF0061F1DF = {
			isa = PBXGroup;
			children = (
				ADE6287F1B24F81A0061F1DF /* CoreLocation.framework */,
				ADE6285C1B24F7FF0061F1DF /* Where Am I */,
				ADE628721B24F7FF0061F1DF /* Where Am ITests */,
				ADE6285B1B24F7FF0061F1DF /* Products */,
			);
			sourceTree = "<group>";
		};
		ADE6285B1B24F7FF0061F1DF /* Products */ = {
			isa = PBXGroup;
			children = (
				ADE6285A1B24F7FF0061F1DF /* Where Am I.app */,
				ADE6286F1B24F7FF0061F1DF /* Where Am ITests.xctest */,
			);
			name = Products;
			sourceTree = "<group>";
		};
		ADE6285C1B24F7FF0061F1DF /* Where Am I */ = {
			isa = PBXGroup;
			children = (
				ADE6285F1B24F7FF0061F1DF /* AppDelegate.swift */,
				ADE628611B24F7FF0061F1DF /* ViewController.swift */,
				ADE628631B24F7FF0061F1DF /* Main.storyboard */,
				ADE628661B24F7FF0061F1DF /* Images.xcassets */,
				ADE628681B24F7FF0061F1DF /* LaunchScreen.xib */,
				ADE6285D1B24F7FF0061F1DF /* Supporting Files */,
			);
			path = "Where Am I";
			sourceTree = "<group>";
		};
		ADE6285D1B24F7FF0061F1DF /* Supporting Files */ = {
			isa = PBXGroup;
			children = (
				ADE6285E1B24F7FF0061F1DF /* Info.plist */,
			);
			name = "Supporting Files";
			sourceTree = "<group>";
		};
		ADE628721B24F7FF0061F1DF /* Where Am ITests */ = {
			isa = PBXGroup;
			children = (
				ADE628751B24F7FF0061F1DF /* Where_Am_ITests.swift */,
				ADE628731B24F7FF0061F1DF /* Supporting Files */,
			);
			path = "Where Am ITests";
			sourceTree = "<group>";
		};
		ADE628731B24F7FF0061F1DF /* Supporting Files */ = {
			isa = PBXGroup;
			children = (
				ADE628741B24F7FF0061F1DF /* Info.plist */,
			);
			name = "Supporting Files";
			sourceTree = "<group>";
		};
/* End PBXGroup section */

/* Begin PBXNativeTarget section */
		ADE628591B24F7FF0061F1DF /* Where Am I */ = {
			isa = PBXNativeTarget;
			buildConfigurationList = ADE628791B24F7FF0061F1DF /* Build configuration list for PBXNativeTarget "Where Am I" */;
			buildPhases = (
				ADE628561B24F7FF0061F1DF /* Sources */,
				ADE628571B24F7FF0061F1DF /* Frameworks */,
				ADE628581B24F7FF0061F1DF /* Resources */,
			);
			buildRules = (
			);
			dependencies = (
			);
			name = "Where Am I";
			productName = "Where Am I";
			productReference = ADE6285A1B24F7FF0061F1DF /* Where Am I.app */;
			productType = "com.apple.product-type.application";
		};
		ADE6286E1B24F7FF0061F1DF /* Where Am ITests */ = {
			isa = PBXNativeTarget;
			buildConfigurationList = ADE6287C1B24F7FF0061F1DF /* Build configuration list for PBXNativeTarget "Where Am ITests" */;
			buildPhases = (
				ADE6286B1B24F7FF0061F1DF /* Sources */,
				ADE6286C1B24F7FF0061F1DF /* Frameworks */,
				ADE6286D1B24F7FF0061F1DF /* Resources */,
			);
			buildRules = (
			);
			dependencies = (
				ADE628711B24F7FF0061F1DF /* PBXTargetDependency */,
			);
			name = "Where Am ITests";
			productName = "Where Am ITests";
			productReference = ADE6286F1B24F7FF0061F1DF /* Where Am ITests.xctest */;
			productType = "com.apple.product-type.bundle.unit-test";
		};
/* End PBXNativeTarget section */

/* Begin PBXProject section */
		ADE628521B24F7FF0061F1DF /* Project object */ = {
			isa = PBXProject;
			attributes = {
				LastUpgradeCheck = 0630;
				ORGANIZATIONNAME = LiquidGroup;
				TargetAttributes = {
					ADE628591B24F7FF0061F1DF = {
						CreatedOnToolsVersion = 6.3.2;
					};
					ADE6286E1B24F7FF0061F1DF = {
						CreatedOnToolsVersion = 6.3.2;
						TestTargetID = ADE628591B24F7FF0061F1DF;
					};
				};
			};
			buildConfigurationList = ADE628551B24F7FF0061F1DF /* Build configuration list for PBXProject "Where Am I" */;
			compatibilityVersion = "Xcode 3.2";
			developmentRegion = English;
			hasScannedForEncodings = 0;
			knownRegions = (
				en,
				Base,
			);
			mainGroup = ADE628511B24F7FF0061F1DF;
			productRefGroup = ADE6285B1B24F7FF0061F1DF /* Products */;
			projectDirPath = "";
			projectRoot = "";
			targets = (
				ADE628591B24F7FF0061F1DF /* Where Am I */,
				ADE6286E1B24F7FF0061F1DF /* Where Am ITests */,
			);
		};
/* End PBXProject section */

/* Begin PBXResourcesBuildPhase section */
		ADE628581B24F7FF0061F1DF /* Resources */ = {
			isa = PBXResourcesBuildPhase;
			buildActionMask = 2147483647;
			files = (
				ADE628651B24F7FF0061F1DF /* Main.storyboard in Resources */,
				ADE6286A1B24F7FF0061F1DF /* LaunchScreen.xib in Resources */,
				ADE628671B24F7FF0061F1DF /* Images.xcassets in Resources */,
			);
			runOnlyForDeploymentPostprocessing = 0;
		};
		ADE6286D1B24F7FF0061F1DF /* Resources */ = {
			isa = PBXResourcesBuildPhase;
			buildActionMask = 2147483647;
			files = (
			);
			runOnlyForDeploymentPostprocessing = 0;
		};
/* End PBXResourcesBuildPhase section */

/* Begin PBXSourcesBuildPhase section */
		ADE628561B24F7FF0061F1DF /* Sources */ = {
			isa = PBXSourcesBuildPhase;
			buildActionMask = 2147483647;
			files = (
				ADE628621B24F7FF0061F1DF /* ViewController.swift in Sources */,
				ADE628601B24F7FF0061F1DF /* AppDelegate.swift in Sources */,
			);
			runOnlyForDeploymentPostprocessing = 0;
		};
		ADE6286B1B24F7FF0061F1DF /* Sources */ = {
			isa = PBXSourcesBuildPhase;
			buildActionMask = 2147483647;
			files = (
				ADE628761B24F7FF0061F1DF /* Where_Am_ITests.swift in Sources */,
			);
			runOnlyForDeploymentPostprocessing = 0;
		};
/* End PBXSourcesBuildPhase section */

/* Begin PBXTargetDependency section */
		ADE628711B24F7FF0061F1DF /* PBXTargetDependency */ = {
			isa = PBXTargetDependency;
			target = ADE628591B24F7FF0061F1DF /* Where Am I */;
			targetProxy = ADE628701B24F7FF0061F1DF /* PBXContainerItemProxy */;
		};
/* End PBXTargetDependency section */

/* Begin PBXVariantGroup section */
		ADE628631B24F7FF0061F1DF /* Main.storyboard */ = {
			isa = PBXVariantGroup;
			children = (
				ADE628641B24F7FF0061F1DF /* Base */,
			);
			name = Main.storyboard;
			sourceTree = "<group>";
		};
		ADE628681B24F7FF0061F1DF /* LaunchScreen.xib */ = {
			isa = PBXVariantGroup;
			children = (
				ADE628691B24F7FF0061F1DF /* Base */,
			);
			name = LaunchScreen.xib;
			sourceTree = "<group>";
		};
/* End PBXVariantGroup section */

/* Begin XCBuildConfiguration section */
		ADE628771B24F7FF0061F1DF /* Debug */ = {
			isa = XCBuildConfiguration;
			buildSettings = {
				ALWAYS_SEARCH_USER_PATHS = NO;
				CLANG_CXX_LANGUAGE_STANDARD = "gnu++0x";
				CLANG_CXX_LIBRARY = "libc++";
				CLANG_ENABLE_MODULES = YES;
				CLANG_ENABLE_OBJC_ARC = YES;
				CLANG_WARN_BOOL_CONVERSION = YES;
				CLANG_WARN_CONSTANT_CONVERSION = YES;
				CLANG_WARN_DIRECT_OBJC_ISA_USAGE = YES_ERROR;
				CLANG_WARN_EMPTY_BODY = YES;
				CLANG_WARN_ENUM_CONVERSION = YES;
				CLANG_WARN_INT_CONVERSION = YES;
				CLANG_WARN_OBJC_ROOT_CLASS = YES_ERROR;
				CLANG_WARN_UNREACHABLE_CODE = YES;
				CLANG_WARN__DUPLICATE_METHOD_MATCH = YES;
				"CODE_SIGN_IDENTITY[sdk=iphoneos*]" = "iPhone Developer";
				COPY_PHASE_STRIP = NO;
				DEBUG_INFORMATION_FORMAT = "dwarf-with-dsym";
				ENABLE_STRICT_OBJC_MSGSEND = YES;
				GCC_C_LANGUAGE_STANDARD = gnu99;
				GCC_DYNAMIC_NO_PIC = NO;
				GCC_NO_COMMON_BLOCKS = YES;
				GCC_OPTIMIZATION_LEVEL = 0;
				GCC_PREPROCESSOR_DEFINITIONS = (
					"DEBUG=1",
					"$(inherited)",
				);
				GCC_SYMBOLS_PRIVATE_EXTERN = NO;
				GCC_WARN_64_TO_32_BIT_CONVERSION = YES;
				GCC_WARN_ABOUT_RETURN_TYPE = YES_ERROR;
				GCC_WARN_UNDECLARED_SELECTOR = YES;
				GCC_WARN_UNINITIALIZED_AUTOS = YES_AGGRESSIVE;
				GCC_WARN_UNUSED_FUNCTION = YES;
				GCC_WARN_UNUSED_VARIABLE = YES;
				IPHONEOS_DEPLOYMENT_TARGET = 8.3;
				MTL_ENABLE_DEBUG_INFO = YES;
				ONLY_ACTIVE_ARCH = YES;
				SDKROOT = iphoneos;
				SWIFT_OPTIMIZATION_LEVEL = "-Onone";
			};
			name = Debug;
		};
		ADE628781B24F7FF0061F1DF /* Release */ = {
			isa = XCBuildConfiguration;
			buildSettings = {
				ALWAYS_SEARCH_USER_PATHS = NO;
				CLANG_CXX_LANGUAGE_STANDARD = "gnu++0x";
				CLANG_CXX_LIBRARY = "libc++";
				CLANG_ENABLE_MODULES = YES;
				CLANG_ENABLE_OBJC_ARC = YES;
				CLANG_WARN_BOOL_CONVERSION = YES;
				CLANG_WARN_CONSTANT_CONVERSION = YES;
				CLANG_WARN_DIRECT_OBJC_ISA_USAGE = YES_ERROR;
				CLANG_WARN_EMPTY_BODY = YES;
				CLANG_WARN_ENUM_CONVERSION = YES;
				CLANG_WARN_INT_CONVERSION = YES;
				CLANG_WARN_OBJC_ROOT_CLASS = YES_ERROR;
				CLANG_WARN_UNREACHABLE_CODE = YES;
				CLANG_WARN__DUPLICATE_METHOD_MATCH = YES;
				"CODE_SIGN_IDENTITY[sdk=iphoneos*]" = "iPhone Developer";
				COPY_PHASE_STRIP = NO;
				DEBUG_INFORMATION_FORMAT = "dwarf-with-dsym";
				ENABLE_NS_ASSERTIONS = NO;
				ENABLE_STRICT_OBJC_MSGSEND = YES;
				GCC_C_LANGUAGE_STANDARD = gnu99;
				GCC_NO_COMMON_BLOCKS = YES;
				GCC_WARN_64_TO_32_BIT_CONVERSION = YES;
				GCC_WARN_ABOUT_RETURN_TYPE = YES_ERROR;
				GCC_WARN_UNDECLARED_SELECTOR = YES;
				GCC_WARN_UNINITIALIZED_AUTOS = YES_AGGRESSIVE;
				GCC_WARN_UNUSED_FUNCTION = YES;
				GCC_WARN_UNUSED_VARIABLE = YES;
				IPHONEOS_DEPLOYMENT_TARGET = 8.3;
				MTL_ENABLE_DEBUG_INFO = NO;
				SDKROOT = iphoneos;
				VALIDATE_PRODUCT = YES;
			};
			name = Release;
		};
		ADE6287A1B24F7FF0061F1DF /* Debug */ = {
			isa = XCBuildConfiguration;
			buildSettings = {
				ASSETCATALOG_COMPILER_APPICON_NAME = AppIcon;
				INFOPLIST_FILE = "Where Am I/Info.plist";
				LD_RUNPATH_SEARCH_PATHS = "$(inherited) @executable_path/Frameworks";
				PRODUCT_NAME = "$(TARGET_NAME)";
			};
			name = Debug;
		};
		ADE6287B1B24F7FF0061F1DF /* Release */ = {
			isa = XCBuildConfiguration;
			buildSettings = {
				ASSETCATALOG_COMPILER_APPICON_NAME = AppIcon;
				INFOPLIST_FILE = "Where Am I/Info.plist";
				LD_RUNPATH_SEARCH_PATHS = "$(inherited) @executable_path/Frameworks";
				PRODUCT_NAME = "$(TARGET_NAME)";
			};
			name = Release;
		};
		ADE6287D1B24F7FF0061F1DF /* Debug */ = {
			isa = XCBuildConfiguration;
			buildSettings = {
				BUNDLE_LOADER = "$(TEST_HOST)";
				FRAMEWORK_SEARCH_PATHS = (
					"$(SDKROOT)/Developer/Library/Frameworks",
					"$(inherited)",
				);
				GCC_PREPROCESSOR_DEFINITIONS = (
					"DEBUG=1",
					"$(inherited)",
				);
				INFOPLIST_FILE = "Where Am ITests/Info.plist";
				LD_RUNPATH_SEARCH_PATHS = "$(inherited) @executable_path/Frameworks @loader_path/Frameworks";
				PRODUCT_NAME = "$(TARGET_NAME)";
				TEST_HOST = "$(BUILT_PRODUCTS_DIR)/Where Am I.app/Where Am I";
			};
			name = Debug;
		};
		ADE6287E1B24F7FF0061F1DF /* Release */ = {
			isa = XCBuildConfiguration;
			buildSettings = {
				BUNDLE_LOADER = "$(TEST_HOST)";
				FRAMEWORK_SEARCH_PATHS = (
					"$(SDKROOT)/Developer/Library/Frameworks",
					"$(inherited)",
				);
				INFOPLIST_FILE = "Where Am ITests/Info.plist";
				LD_RUNPATH_SEARCH_PATHS = "$(inherited) @executable_path/Frameworks @loader_path/Frameworks";
				PRODUCT_NAME = "$(TARGET_NAME)";
				TEST_HOST = "$(BUILT_PRODUCTS_DIR)/Where Am I.app/Where Am I";
			};
			name = Release;
		};
/* End XCBuildConfiguration section */

/* Begin XCConfigurationList section */
		ADE628551B24F7FF0061F1DF /* Build configuration list for PBXProject "Where Am I" */ = {
			isa = XCConfigurationList;
			buildConfigurations = (
				ADE628771B24F7FF0061F1DF /* Debug */,
				ADE628781B24F7FF0061F1DF /* Release */,
			);
			defaultConfigurationIsVisible = 0;
			defaultConfigurationName = Release;
		};
		ADE628791B24F7FF0061F1DF /* Build configuration list for PBXNativeTarget "Where Am I" */ = {
			isa = XCConfigurationList;
			buildConfigurations = (
				ADE6287A1B24F7FF0061F1DF /* Debug */,
				ADE6287B1B24F7FF0061F1DF /* Release */,
			);
			defaultConfigurationIsVisible = 0;
		};
		ADE6287C1B24F7FF0061F1DF /* Build configuration list for PBXNativeTarget "Where Am ITests" */ = {
			isa = XCConfigurationList;
			buildConfigurations = (
				ADE6287D1B24F7FF0061F1DF /* Debug */,
				ADE6287E1B24F7FF0061F1DF /* Release */,
			);
			defaultConfigurationIsVisible = 0;
		};
/* End XCConfigurationList section */
	};
	rootObject = ADE628521B24F7FF0061F1DF /* Project object */;
}
